
Microsoft Visual Studio Solution File, Format Version 12.00
# Visual Studio Version 16
VisualStudioVersion = 16.0.29911.84
MinimumVisualStudioVersion = 10.0.40219.1
Project("{8BC9CEB8-8B4A-11D0-8D11-00A0C91BC942}") = "ExtIO_Omnia", "ExtIO_Demo.vcxproj", "{FA808BC2-46FB-4B99-9DF1-E335432930B9}"
	ProjectSection(ProjectDependencies) = postProject
		{8187F039-861C-4D76-8FB4-F3B92EBF660A} = {8187F039-861C-4D76-8FB4-F3B92EBF660A}
	EndProjectSection
EndProject
Project("{8BC9CEB8-8B4A-11D0-8D11-00A0C91BC942}") = "enet", "enet\enet.vcxproj", "{8187F039-861C-4D76-8FB4-F3B92EBF660A}"
EndProject
Project("{8BC9CEB8-8B4A-11D0-8D11-00A0C91BC942}") = "OmniaNetServer", "OmniaNetServer\OmniaNetServer.vcxproj", "{99885E6E-1825-4A71-929C-D85FC8EF201F}"
	ProjectSection(ProjectDependencies) = postProject
		{8187F039-861C-4D76-8FB4-F3B92EBF660A} = {8187F039-861C-4D76-8FB4-F3B92EBF660A}
	EndProjectSection
EndProject
Global
	GlobalSection(SolutionConfigurationPlatforms) = preSolution
		Debug|Win32 = Debug|Win32
		Debug|x64 = Debug|x64
		Release|Win32 = Release|Win32
		Release|x64 = Release|x64
	EndGlobalSection
	GlobalSection(ProjectConfigurationPlatforms) = postSolution
		{FA808BC2-46FB-4B99-9DF1-E335432930B9}.Debug|Win32.ActiveCfg = Debug|Win32
		{FA808BC2-46FB-4B99-9DF1-E335432930B9}.Debug|Win32.Build.0 = Debug|Win32
		{FA808BC2-46FB-4B99-9DF1-E335432930B9}.Debug|x64.ActiveCfg = Debug|Win32
		{FA808BC2-46FB-4B99-9DF1-E335432930B9}.Release|Win32.ActiveCfg = Release|Win32
		{FA808BC2-46FB-4B99-9DF1-E335432930B9}.Release|Win32.Build.0 = Release|Win32
		{FA808BC2-46FB-4B99-9DF1-E335432930B9}.Release|x64.ActiveCfg = Release|Win32
		{8187F039-861C-4D76-8FB4-F3B92EBF660A}.Debug|Win32.ActiveCfg = Debug|Win32
		{8187F039-861C-4D76-8FB4-F3B92EBF660A}.Debug|Win32.Build.0 = Debug|Win32
		{8187F039-861C-4D76-8FB4-F3B92EBF660A}.Debug|x64.ActiveCfg = Debug|Win32
		{8187F039-861C-4D76-8FB4-F3B92EBF660A}.Release|Win32.ActiveCfg = Release|Win32
		{8187F039-861C-4D76-8FB4-F3B92EBF660A}.Release|Win32.Build.0 = Release|Win32
		{8187F039-861C-4D76-8FB4-F3B92EBF660A}.Release|x64.ActiveCfg = Release|Win32
		{99885E6E-1825-4A71-929C-D85FC8EF201F}.Debug|Win32.ActiveCfg = Debug|Win32
		{99885E6E-1825-4A71-929C-D85FC8EF201F}.Debug|Win32.Build.0 = Debug|Win32
		{99885E6E-1825-4A71-929C-D85FC8EF201F}.Debug|x64.ActiveCfg = Debug|x64
		{99885E6E-1825-4A71-929C-D85FC8EF201F}.Debug|x64.Build.0 = Debug|x64
		{99885E6E-1825-4A71-929C-D85FC8EF201F}.Release|Win32.ActiveCfg = Release|Win32
		{99885E6E-1825-4A71-929C-D85FC8EF201F}.Release|Win32.Build.0 = Release|Win32
		{99885E6E-1825-4A71-929C-D85FC8EF201F}.Release|x64.ActiveCfg = Release|x64
		{99885E6E-1825-4A71-929C-D85FC8EF201F}.Release|x64.Build.0 = Release|x64
	EndGlobalSection
	GlobalSection(SolutionProperties) = preSolution
		HideSolutionNode = FALSE
	EndGlobalSection
	GlobalSection(ExtensibilityGlobals) = postSolution
		SolutionGuid = {B6A23C5E-8A30-4694-AC17-628DDBE39ABA}
	EndGlobalSection
EndGlobal
